<?xml version="1.0" encoding="utf-8"?>
<Project ToolsVersion="4.0" xmlns="http://schemas.microsoft.com/developer/msbuild/2003">
  <ItemGroup>
    <Filter Include="src">
      <UniqueIdentifier>{ded3c11a-48fe-420f-b7ce-ece7e2e197b0}</UniqueIdentifier>
    </Filter>
    <Filter Include="common">
      <UniqueIdentifier>{d8961813-d244-4fe8-a1aa-5b60fd15c141}</UniqueIdentifier>
    </Filter>
    <Filter Include="utils">
      <UniqueIdentifier>{fa5abfe7-4730-429c-bda1-ee73682ef5d6}</UniqueIdentifier>
    </Filter>
    <Filter Include="src\entry">
      <UniqueIdentifier>{14fd498e-e2ad-4779-83d3-6f81a8fddeb6}</UniqueIdentifier>
    </Filter>
    <Filter Include="src\pch">
      <UniqueIdentifier>{092eef86-35b9-4779-875b-f877b9373df3}</UniqueIdentifier>
    </Filter>
    <Filter Include="src\app">
      <UniqueIdentifier>{a4ec4e1e-148e-40c7-817e-4139fb9a4a3e}</UniqueIdentifier>
    </Filter>
    <Filter Include="src\mgr">
      <UniqueIdentifier>{4d7d5d53-57f2-4148-86b5-54151e61159a}</UniqueIdentifier>
    </Filter>
    <Filter Include="src\scene">
      <UniqueIdentifier>{5a24c7d9-3576-4f99-9223-5c3c67ae9b9b}</UniqueIdentifier>
    </Filter>
    <Filter Include="src\model">
      <UniqueIdentifier>{6f6b060d-59ff-4ed6-9841-99ef4cb0208e}</UniqueIdentifier>
    </Filter>
    <Filter Include="src\editor">
      <UniqueIdentifier>{393acb8f-6eab-47e7-8af6-fcee1b72f6a6}</UniqueIdentifier>
    </Filter>
    <Filter Include="src\cam">
      <UniqueIdentifier>{d6ccc455-cc4c-4c55-9c95-88b90a57e9bd}</UniqueIdentifier>
    </Filter>
    <Filter Include="src\font">
      <UniqueIdentifier>{8859f3a8-16d8-4a50-86b1-26c0668f0bdf}</UniqueIdentifier>
    </Filter>
  </ItemGroup>
  <ItemGroup>
    <ClCompile Include="EntryPoint.cpp">
      <Filter>src\entry</Filter>
    </ClCompile>
    <ClCompile Include="..\..\common\AkMath.cpp">
      <Filter>common</Filter>
    </ClCompile>
    <ClCompile Include="pch.cpp">
      <Filter>src\pch</Filter>
    </ClCompile>
    <ClCompile Include="Application.cpp">
      <Filter>src\app</Filter>
    </ClCompile>
    <ClCompile Include="SceneManager.cpp">
      <Filter>src\mgr</Filter>
    </ClCompile>
    <ClCompile Include="Scene.cpp">
      <Filter>src\scene</Filter>
    </ClCompile>
    <ClCompile Include="..\..\utils\HashTable.cpp">
      <Filter>utils</Filter>
    </ClCompile>
    <ClCompile Include="..\..\utils\IndexGenerator.cpp">
      <Filter>utils</Filter>
    </ClCompile>
    <ClCompile Include="..\..\utils\LinkedList.cpp">
      <Filter>utils</Filter>
    </ClCompile>
    <ClCompile Include="..\..\utils\ProcessInfo.cpp">
      <Filter>utils</Filter>
    </ClCompile>
    <ClCompile Include="..\..\utils\Queue.cpp">
      <Filter>utils</Filter>
    </ClCompile>
    <ClCompile Include="..\..\utils\RedBlackTree.cpp">
      <Filter>utils</Filter>
    </ClCompile>
    <ClCompile Include="..\..\utils\Stack.cpp">
      <Filter>utils</Filter>
    </ClCompile>
    <ClCompile Include="..\..\utils\UtilFunc.cpp">
      <Filter>utils</Filter>
    </ClCompile>
    <ClCompile Include="StartScene.cpp">
      <Filter>src\scene</Filter>
    </ClCompile>
    <ClCompile Include="MenuScene.cpp">
      <Filter>src\scene</Filter>
    </ClCompile>
    <ClCompile Include="LoadingScene.cpp">
      <Filter>src\scene</Filter>
    </ClCompile>
    <ClCompile Include="Model.cpp">
      <Filter>src\model</Filter>
    </ClCompile>
    <ClCompile Include="Window.cpp">
      <Filter>src\entry</Filter>
    </ClCompile>
    <ClCompile Include="GeometryGenerator.cpp">
      <Filter>src</Filter>
    </ClCompile>
    <ClCompile Include="ModelImporter.cpp">
      <Filter>src</Filter>
    </ClCompile>
    <ClCompile Include="Animation.cpp">
      <Filter>src</Filter>
    </ClCompile>
    <ClCompile Include="Editor.cpp">
      <Filter>src\editor</Filter>
    </ClCompile>
    <ClCompile Include="Camera.cpp">
      <Filter>src\cam</Filter>
    </ClCompile>
    <ClCompile Include="ModelEditor.cpp">
      <Filter>src\editor</Filter>
    </ClCompile>
    <ClCompile Include="MapEditor.cpp">
      <Filter>src\editor</Filter>
    </ClCompile>
    <ClCompile Include="EditorManager.cpp">
      <Filter>src\mgr</Filter>
    </ClCompile>
    <ClCompile Include="GameInput.cpp">
      <Filter>src\mgr</Filter>
    </ClCompile>
    <ClCompile Include="Timer.cpp">
      <Filter>src\mgr</Filter>
    </ClCompile>
    <ClCompile Include="Global.cpp">
      <Filter>src\mgr</Filter>
    </ClCompile>
    <ClCompile Include="EventHandler.cpp">
      <Filter>src\mgr</Filter>
    </ClCompile>
    <ClCompile Include="Font.cpp">
      <Filter>src\font</Filter>
    </ClCompile>
  </ItemGroup>
  <ItemGroup>
    <ClInclude Include="..\..\common\AkVertex.h">
      <Filter>common</Filter>
    </ClInclude>
    <ClInclude Include="..\..\common\AkEnum.h">
      <Filter>common</Filter>
    </ClInclude>
    <ClInclude Include="..\..\common\AkMacro.h">
      <Filter>common</Filter>
    </ClInclude>
    <ClInclude Include="..\..\common\AkMath.h">
      <Filter>common</Filter>
    </ClInclude>
    <ClInclude Include="..\..\common\AkMeshData.h">
      <Filter>common</Filter>
    </ClInclude>
    <ClInclude Include="..\..\common\AkType.h">
      <Filter>common</Filter>
    </ClInclude>
    <ClInclude Include="pch.h">
      <Filter>src\pch</Filter>
    </ClInclude>
    <ClInclude Include="Application.h">
      <Filter>src\app</Filter>
    </ClInclude>
    <ClInclude Include="SceneManager.h">
      <Filter>src\mgr</Filter>
    </ClInclude>
    <ClInclude Include="Scene.h">
      <Filter>src\scene</Filter>
    </ClInclude>
    <ClInclude Include="..\..\utils\UtilFunc.h">
      <Filter>utils</Filter>
    </ClInclude>
    <ClInclude Include="..\..\utils\HashTable.h">
      <Filter>utils</Filter>
    </ClInclude>
    <ClInclude Include="..\..\utils\IndexGenerator.h">
      <Filter>utils</Filter>
    </ClInclude>
    <ClInclude Include="..\..\utils\LinkedList.h">
      <Filter>utils</Filter>
    </ClInclude>
    <ClInclude Include="..\..\utils\ProcessInfo.h">
      <Filter>utils</Filter>
    </ClInclude>
    <ClInclude Include="..\..\utils\Queue.h">
      <Filter>utils</Filter>
    </ClInclude>
    <ClInclude Include="..\..\utils\RedBlackTree.h">
      <Filter>utils</Filter>
    </ClInclude>
    <ClInclude Include="..\..\utils\Stack.h">
      <Filter>utils</Filter>
    </ClInclude>
    <ClInclude Include="StartScene.h">
      <Filter>src\scene</Filter>
    </ClInclude>
    <ClInclude Include="MenuScene.h">
      <Filter>src\scene</Filter>
    </ClInclude>
    <ClInclude Include="LoadingScene.h">
      <Filter>src\scene</Filter>
    </ClInclude>
    <ClInclude Include="Model.h">
      <Filter>src\model</Filter>
    </ClInclude>
    <ClInclude Include="Window.h">
      <Filter>src\entry</Filter>
    </ClInclude>
    <ClInclude Include="GeometryGenerator.h">
      <Filter>src</Filter>
    </ClInclude>
    <ClInclude Include="ModelImporter.h">
      <Filter>src</Filter>
    </ClInclude>
    <ClInclude Include="Animation.h">
      <Filter>src</Filter>
    </ClInclude>
    <ClInclude Include="Macro.h">
      <Filter>src</Filter>
    </ClInclude>
    <ClInclude Include="Editor.h">
      <Filter>src\editor</Filter>
    </ClInclude>
    <ClInclude Include="Camera.h">
      <Filter>src\cam</Filter>
    </ClInclude>
    <ClInclude Include="ModelEditor.h">
      <Filter>src\editor</Filter>
    </ClInclude>
    <ClInclude Include="MapEditor.h">
      <Filter>src\editor</Filter>
    </ClInclude>
    <ClInclude Include="EditorManager.h">
      <Filter>src\mgr</Filter>
    </ClInclude>
    <ClInclude Include="Timer.h">
      <Filter>src\mgr</Filter>
    </ClInclude>
    <ClInclude Include="GameInput.h">
      <Filter>src\mgr</Filter>
    </ClInclude>
    <ClInclude Include="Global.h">
      <Filter>src\mgr</Filter>
    </ClInclude>
    <ClInclude Include="EventHandler.h">
      <Filter>src\mgr</Filter>
    </ClInclude>
    <ClInclude Include="Enum.h" />
    <ClInclude Include="Type.h" />
    <ClInclude Include="Font.h">
      <Filter>src\font</Filter>
    </ClInclude>
  </ItemGroup>
</Project>