<?xml version="1.0" encoding="utf-8"?>
<Project ToolsVersion="4.0" xmlns="http://schemas.microsoft.com/developer/msbuild/2003">
  <ItemGroup>
    <Filter Include="Source Files">
      <UniqueIdentifier>{4FC737F1-C7A5-4376-A066-2A32D752A2FF}</UniqueIdentifier>
      <Extensions>cpp;c;cc;cxx;c++;cppm;ixx;def;odl;idl;hpj;bat;asm;asmx</Extensions>
    </Filter>
    <Filter Include="Header Files">
      <UniqueIdentifier>{93995380-89BD-4b04-88EB-625FBE52EBFB}</UniqueIdentifier>
      <Extensions>h;hh;hpp;hxx;h++;hm;inl;inc;ipp;xsd</Extensions>
    </Filter>
    <Filter Include="Resource Files">
      <UniqueIdentifier>{67DA6AB6-F800-4c08-8B7A-83BB121AAD01}</UniqueIdentifier>
      <Extensions>rc;ico;cur;bmp;dlg;rc2;rct;bin;rgs;gif;jpg;jpeg;jpe;resx;tiff;tif;png;wav;mfcribbon-ms</Extensions>
    </Filter>
    <Filter Include="Utils">
      <UniqueIdentifier>{17f07598-938b-496f-b859-b6d02bfa5cda}</UniqueIdentifier>
    </Filter>
    <Filter Include="Interface">
      <UniqueIdentifier>{99f7d379-e623-44ca-9891-77c5649e898a}</UniqueIdentifier>
    </Filter>
    <Filter Include="Source Files\Object">
      <UniqueIdentifier>{bba38b94-2ff2-4fb9-a56e-b88290483ab4}</UniqueIdentifier>
    </Filter>
    <Filter Include="Shader">
      <UniqueIdentifier>{064815f2-8737-489f-ad75-39b5c3d5607c}</UniqueIdentifier>
    </Filter>
  </ItemGroup>
  <ItemGroup>
    <None Include="packages.config" />
    <None Include="Renderer.def" />
    <None Include="..\..\shader\Common.hlsli">
      <Filter>Shader</Filter>
    </None>
    <None Include="..\..\shader\DiskSample.hlsli">
      <Filter>Shader</Filter>
    </None>
    <None Include="..\..\shader\GlobalConsts.hlsli">
      <Filter>Shader</Filter>
    </None>
    <None Include="..\..\shader\IBLTexture.hlsli">
      <Filter>Shader</Filter>
    </None>
    <None Include="..\..\shader\SamplerState.hlsli">
      <Filter>Shader</Filter>
    </None>
  </ItemGroup>
  <ItemGroup>
    <ClCompile Include="Renderer.cpp">
      <Filter>Source Files</Filter>
    </ClCompile>
    <ClCompile Include="RenderQueue.cpp">
      <Filter>Source Files</Filter>
    </ClCompile>
    <ClCompile Include="RenderThread.cpp">
      <Filter>Source Files</Filter>
    </ClCompile>
    <ClCompile Include="ResourceManager.cpp">
      <Filter>Source Files</Filter>
    </ClCompile>
    <ClCompile Include="TextureManager.cpp">
      <Filter>Source Files</Filter>
    </ClCompile>
    <ClCompile Include="CommandListPool.cpp">
      <Filter>Source Files</Filter>
    </ClCompile>
    <ClCompile Include="ConstantBufferManager.cpp">
      <Filter>Source Files</Filter>
    </ClCompile>
    <ClCompile Include="ConstantBufferPool.cpp">
      <Filter>Source Files</Filter>
    </ClCompile>
    <ClCompile Include="D3DUtils.cpp">
      <Filter>Source Files</Filter>
    </ClCompile>
    <ClCompile Include="DescriptorAllocator.cpp">
      <Filter>Source Files</Filter>
    </ClCompile>
    <ClCompile Include="DescriptorPool.cpp">
      <Filter>Source Files</Filter>
    </ClCompile>
    <ClCompile Include="dllmain.cpp">
      <Filter>Source Files</Filter>
    </ClCompile>
    <ClCompile Include="FontManager.cpp">
      <Filter>Source Files</Filter>
    </ClCompile>
    <ClCompile Include="pch.cpp">
      <Filter>Source Files</Filter>
    </ClCompile>
    <ClCompile Include="PostProcess.cpp">
      <Filter>Source Files</Filter>
    </ClCompile>
    <ClCompile Include="..\..\utils\HashTable.cpp">
      <Filter>Utils</Filter>
    </ClCompile>
    <ClCompile Include="..\..\utils\IndexGenerator.cpp">
      <Filter>Utils</Filter>
    </ClCompile>
    <ClCompile Include="..\..\utils\LinkedList.cpp">
      <Filter>Utils</Filter>
    </ClCompile>
    <ClCompile Include="..\..\utils\ProcessInfo.cpp">
      <Filter>Utils</Filter>
    </ClCompile>
    <ClCompile Include="..\..\utils\Queue.cpp">
      <Filter>Utils</Filter>
    </ClCompile>
    <ClCompile Include="..\..\utils\Stack.cpp">
      <Filter>Utils</Filter>
    </ClCompile>
    <ClCompile Include="..\..\utils\UtilFunc.cpp">
      <Filter>Utils</Filter>
    </ClCompile>
    <ClCompile Include="BasicMeshObject.cpp">
      <Filter>Source Files\Object</Filter>
    </ClCompile>
    <ClCompile Include="SkinnedMeshObject.cpp">
      <Filter>Source Files\Object</Filter>
    </ClCompile>
    <ClCompile Include="SkyboxObject.cpp">
      <Filter>Source Files\Object</Filter>
    </ClCompile>
    <ClCompile Include="SpriteObject.cpp">
      <Filter>Source Files\Object</Filter>
    </ClCompile>
    <ClCompile Include="LineObject.cpp">
      <Filter>Source Files\Object</Filter>
    </ClCompile>
    <ClCompile Include="LandScapeObject.cpp">
      <Filter>Source Files\Object</Filter>
    </ClCompile>
  </ItemGroup>
  <ItemGroup>
    <ClInclude Include="Renderer.h">
      <Filter>Header Files</Filter>
    </ClInclude>
    <ClInclude Include="RendererType.h">
      <Filter>Header Files</Filter>
    </ClInclude>
    <ClInclude Include="RenderQueue.h">
      <Filter>Header Files</Filter>
    </ClInclude>
    <ClInclude Include="RenderThread.h">
      <Filter>Header Files</Filter>
    </ClInclude>
    <ClInclude Include="ResourceManager.h">
      <Filter>Header Files</Filter>
    </ClInclude>
    <ClInclude Include="TextureManager.h">
      <Filter>Header Files</Filter>
    </ClInclude>
    <ClInclude Include="CommandListPool.h">
      <Filter>Header Files</Filter>
    </ClInclude>
    <ClInclude Include="ConstantBufferManager.h">
      <Filter>Header Files</Filter>
    </ClInclude>
    <ClInclude Include="ConstantBufferPool.h">
      <Filter>Header Files</Filter>
    </ClInclude>
    <ClInclude Include="D3DUtils.h">
      <Filter>Header Files</Filter>
    </ClInclude>
    <ClInclude Include="DescriptorAllocator.h">
      <Filter>Header Files</Filter>
    </ClInclude>
    <ClInclude Include="DescriptorPool.h">
      <Filter>Header Files</Filter>
    </ClInclude>
    <ClInclude Include="FontManager.h">
      <Filter>Header Files</Filter>
    </ClInclude>
    <ClInclude Include="pch.h">
      <Filter>Header Files</Filter>
    </ClInclude>
    <ClInclude Include="PostProcess.h">
      <Filter>Header Files</Filter>
    </ClInclude>
    <ClInclude Include="..\..\utils\HashTable.h">
      <Filter>Utils</Filter>
    </ClInclude>
    <ClInclude Include="..\..\utils\IndexGenerator.h">
      <Filter>Utils</Filter>
    </ClInclude>
    <ClInclude Include="..\..\utils\LinkedList.h">
      <Filter>Utils</Filter>
    </ClInclude>
    <ClInclude Include="..\..\utils\ProcessInfo.h">
      <Filter>Utils</Filter>
    </ClInclude>
    <ClInclude Include="..\..\utils\Queue.h">
      <Filter>Utils</Filter>
    </ClInclude>
    <ClInclude Include="..\..\utils\Stack.h">
      <Filter>Utils</Filter>
    </ClInclude>
    <ClInclude Include="..\..\utils\UtilFunc.h">
      <Filter>Utils</Filter>
    </ClInclude>
    <ClInclude Include="..\..\interface\IRenderer.h">
      <Filter>Interface</Filter>
    </ClInclude>
    <ClInclude Include="BasicMeshObject.h">
      <Filter>Source Files\Object</Filter>
    </ClInclude>
    <ClInclude Include="SkinnedMeshObject.h">
      <Filter>Source Files\Object</Filter>
    </ClInclude>
    <ClInclude Include="SkyboxObject.h">
      <Filter>Source Files\Object</Filter>
    </ClInclude>
    <ClInclude Include="SpriteObject.h">
      <Filter>Source Files\Object</Filter>
    </ClInclude>
    <ClInclude Include="LineObject.h">
      <Filter>Source Files\Object</Filter>
    </ClInclude>
    <ClInclude Include="LandScapeObject.h">
      <Filter>Source Files\Object</Filter>
    </ClInclude>
  </ItemGroup>
  <ItemGroup>
    <CustomBuild Include="..\..\shader\LandScapeEditorShader.hlsl">
      <Filter>Shader</Filter>
    </CustomBuild>
    <CustomBuild Include="..\..\shader\BasicShader.hlsl">
      <Filter>Shader</Filter>
    </CustomBuild>
    <CustomBuild Include="..\..\shader\DepthOnlyShader.hlsl">
      <Filter>Shader</Filter>
    </CustomBuild>
    <CustomBuild Include="..\..\shader\LineShader.hlsl">
      <Filter>Shader</Filter>
    </CustomBuild>
    <CustomBuild Include="..\..\shader\NormalShader.hlsl">
      <Filter>Shader</Filter>
    </CustomBuild>
    <CustomBuild Include="..\..\shader\PostProcessShader.hlsl">
      <Filter>Shader</Filter>
    </CustomBuild>
    <CustomBuild Include="..\..\shader\SkyboxShader.hlsl">
      <Filter>Shader</Filter>
    </CustomBuild>
    <CustomBuild Include="..\..\shader\SpriteShader.hlsl">
      <Filter>Shader</Filter>
    </CustomBuild>
  </ItemGroup>
</Project>